# This file is autogenerated, do not edit; changes may be undone by the next 'dep ensure'.


[[projects]]
  digest = "1:323ef1c999160d12fafa4074b5a5706511baf1cd91a935ae62494791c94abaf4"
  name = "github.com/atotto/clipboard"
  packages = ["."]
  pruneopts = "UT"
  revision = "579379fa8ff8a6d3fa979cec107f8f6d7f8fde90"
  version = "v0.1.2"

[[projects]]
  digest = "1:6f9339c912bbdda81302633ad7e99a28dfa5a639c864061f1929510a9a64aa74"
  name = "github.com/dustin/go-humanize"
  packages = ["."]
  pruneopts = "UT"
  revision = "9f541cc9db5d55bce703bd99987c9d5cb8eea45e"
  version = "v1.0.0"

[[projects]]
  digest = "1:f913db46dd2604735e5fe8f08fcf1490509a208697b7d63ac301ff5a84ece948"
  name = "github.com/gizak/termui"
  packages = [
    "v3",
    "v3/drawille",
    "v3/widgets",
  ]
  pruneopts = "UT"
  revision = "4cca61d83fa2cc0f485c478ff768b0108f6591d6"
  version = "v3.1.0"

[[projects]]
  digest = "1:871aa208665f8c57d13ed13899c243454858ee6654cc4feed768096bcea6fbc3"
  name = "github.com/mattn/go-runewidth"
  packages = ["."]
  pruneopts = "UT"
  revision = "18c3d09a134a52720932bbaa92c798a0ab111004"
  version = "v0.0.7"

[[projects]]
  digest = "1:abf08734a6527df70ed361d7c369fb580e6840d8f7a6012e5f609fdfd93b4e48"
  name = "github.com/mitchellh/go-wordwrap"
  packages = ["."]
  pruneopts = "UT"
  revision = "9e67c67572bc5dd02aef930e2b0ae3c02a4b5a5c"
  version = "v1.0.0"

[[projects]]
  branch = "master"
  digest = "1:3748273fbc527cb86628e8060e1a98df3d082f1d750a63056522e01ea87ff4a0"
  name = "github.com/nsf/termbox-go"
  packages = ["."]
  pruneopts = "UT"
  revision = "93860e16131719fa9722e7c448dbf8c0e3210a0d"

[solve-meta]
  analyzer-name = "dep"
  analyzer-version = 1
  input-imports = [
    "github.com/atotto/clipboard",
    "github.com/dustin/go-humanize",
    "github.com/gizak/termui/v3",
    "github.com/gizak/termui/v3/widgets",
  ]
  solver-name = "gps-cdcl"
  solver-version = 1
